
Microsoft Visual Studio Solution File, Format Version 12.00
# Visual Studio Version 16
VisualStudioVersion = 16.0.33214.272
MinimumVisualStudioVersion = 10.0.40219.1
Project("{3B740506-4966-4147-AB1F-357FE08946EA}") = "TcHmiXplanar", "TcHmiXplanar\TcHmiXplanar.hmiextproj", "{E76F0241-C29F-46E8-8B1C-3413505D0A3C}"
EndProject
Project("{FE7A1B72-C5B7-4D7C-BB7D-76384D4DE8E1}") = "TcHmiProject_UnitTest", "TcHmiProject_UnitTest\TcHmiProject_UnitTest.hmiproj", "{BB2FEE79-CFC1-4C82-BE70-049EACAD4FE0}"
EndProject
Global
	GlobalSection(SolutionConfigurationPlatforms) = preSolution
		Debug|TwinCAT HMI = Debug|TwinCAT HMI
		Release|TwinCAT HMI = Release|TwinCAT HMI
	EndGlobalSection
	GlobalSection(ProjectConfigurationPlatforms) = postSolution
		{E76F0241-C29F-46E8-8B1C-3413505D0A3C}.Debug|TwinCAT HMI.ActiveCfg = Debug|TwinCAT HMI
		{E76F0241-C29F-46E8-8B1C-3413505D0A3C}.Debug|TwinCAT HMI.Build.0 = Debug|TwinCAT HMI
		{E76F0241-C29F-46E8-8B1C-3413505D0A3C}.Release|TwinCAT HMI.ActiveCfg = Release|TwinCAT HMI
		{E76F0241-C29F-46E8-8B1C-3413505D0A3C}.Release|TwinCAT HMI.Build.0 = Release|TwinCAT HMI
		{BB2FEE79-CFC1-4C82-BE70-049EACAD4FE0}.Debug|TwinCAT HMI.ActiveCfg = Debug|TwinCAT HMI
		{BB2FEE79-CFC1-4C82-BE70-049EACAD4FE0}.Debug|TwinCAT HMI.Build.0 = Debug|TwinCAT HMI
		{BB2FEE79-CFC1-4C82-BE70-049EACAD4FE0}.Release|TwinCAT HMI.ActiveCfg = Release|TwinCAT HMI
		{BB2FEE79-CFC1-4C82-BE70-049EACAD4FE0}.Release|TwinCAT HMI.Build.0 = Release|TwinCAT HMI
	EndGlobalSection
	GlobalSection(SolutionProperties) = preSolution
		HideSolutionNode = FALSE
	EndGlobalSection
	GlobalSection(ExtensibilityGlobals) = postSolution
		SolutionGuid = {07035E5C-2951-49CF-A801-5096139AB8AF}
	EndGlobalSection
EndGlobal
